
Microsoft Visual Studio Solution File, Format Version 12.00
# Visual Studio 14
VisualStudioVersion = 14.0.25420.1
MinimumVisualStudioVersion = 10.0.40219.1
Project("{FAE04EC0-301F-11D3-BF4B-00C04F79EFBC}") = "ConquerButler.Gui", "ConquerButler.Gui\ConquerButler.Gui.csproj", "{05FF6034-909B-4E70-BD4D-91FB094BBEBC}"
EndProject
Project("{FAE04EC0-301F-11D3-BF4B-00C04F79EFBC}") = "ConquerButler.Lib", "ConquerButler.Lib\ConquerButler.Lib.csproj", "{F58D8208-AAE3-46A0-BD27-A086D610DFFC}"
EndProject
Global
	GlobalSection(SolutionConfigurationPlatforms) = preSolution
		Debug|Any CPU = Debug|Any CPU
		Release|Any CPU = Release|Any CPU
	EndGlobalSection
	GlobalSection(ProjectConfigurationPlatforms) = postSolution
		{05FF6034-909B-4E70-BD4D-91FB094BBEBC}.Debug|Any CPU.ActiveCfg = Debug|Any CPU
		{05FF6034-909B-4E70-BD4D-91FB094BBEBC}.Debug|Any CPU.Build.0 = Debug|Any CPU
		{05FF6034-909B-4E70-BD4D-91FB094BBEBC}.Release|Any CPU.ActiveCfg = Release|Any CPU
		{05FF6034-909B-4E70-BD4D-91FB094BBEBC}.Release|Any CPU.Build.0 = Release|Any CPU
		{F58D8208-AAE3-46A0-BD27-A086D610DFFC}.Debug|Any CPU.ActiveCfg = Debug|Any CPU
		{F58D8208-AAE3-46A0-BD27-A086D610DFFC}.Debug|Any CPU.Build.0 = Debug|Any CPU
		{F58D8208-AAE3-46A0-BD27-A086D610DFFC}.Release|Any CPU.ActiveCfg = Release|Any CPU
		{F58D8208-AAE3-46A0-BD27-A086D610DFFC}.Release|Any CPU.Build.0 = Release|Any CPU
	EndGlobalSection
	GlobalSection(SolutionProperties) = preSolution
		HideSolutionNode = FALSE
	EndGlobalSection
EndGlobal
